<?xml version="1.0" encoding="utf-8"?>
<Project ToolsVersion="4.0" xmlns="http://schemas.microsoft.com/developer/msbuild/2003">
  <ItemGroup>
    <Filter Include="Source Files">
      <UniqueIdentifier>{4FC737F1-C7A5-4376-A066-2A32D752A2FF}</UniqueIdentifier>
      <Extensions>cpp;c;cc;cxx;c++;cppm;ixx;def;odl;idl;hpj;bat;asm;asmx</Extensions>
    </Filter>
    <Filter Include="Resource Files">
      <UniqueIdentifier>{67DA6AB6-F800-4c08-8B7A-83BB121AAD01}</UniqueIdentifier>
      <Extensions>rc;ico;cur;bmp;dlg;rc2;rct;bin;rgs;gif;jpg;jpeg;jpe;resx;tiff;tif;png;wav;mfcribbon-ms</Extensions>
    </Filter>
    <Filter Include="Containers">
      <UniqueIdentifier>{c5d6e494-b2fc-4157-b284-8261c8ff8f78}</UniqueIdentifier>
    </Filter>
    <Filter Include="Helpers">
      <UniqueIdentifier>{6ce9d621-ff87-4ccb-b537-31a11443fdce}</UniqueIdentifier>
    </Filter>
    <Filter Include="Managers">
      <UniqueIdentifier>{08a67682-7b86-403c-a75c-4b2abd7d94b2}</UniqueIdentifier>
    </Filter>
    <Filter Include="Commands">
      <UniqueIdentifier>{c21b12f4-e524-4333-b9e1-8d169fc9edf1}</UniqueIdentifier>
    </Filter>
    <Filter Include="Database">
      <UniqueIdentifier>{400f7ffa-bc3f-4641-92b0-70f4b85928dd}</UniqueIdentifier>
    </Filter>
    <Filter Include="Asset Management">
      <UniqueIdentifier>{eacbcc04-2c71-412e-810b-63a170df7172}</UniqueIdentifier>
    </Filter>
    <Filter Include="GameRuntimeTest">
      <UniqueIdentifier>{e7137fcd-fdff-447e-b948-8e82756c7462}</UniqueIdentifier>
    </Filter>
  </ItemGroup>
  <ItemGroup>
    <ClCompile Include="MyGameStudio.cpp">
      <Filter>Source Files</Filter>
    </ClCompile>
    <ClCompile Include="HashTable.cpp">
      <Filter>Containers</Filter>
    </ClCompile>
    <ClCompile Include="StringId.cpp">
      <Filter>Helpers</Filter>
    </ClCompile>
    <ClCompile Include="ConfigReader.cpp">
      <Filter>Helpers</Filter>
    </ClCompile>
    <ClCompile Include="ConfigManager.cpp">
      <Filter>Managers</Filter>
    </ClCompile>
    <ClCompile Include="FileManager.cpp">
      <Filter>Managers</Filter>
    </ClCompile>
    <ClCompile Include="ConsoleManager.cpp">
      <Filter>Managers</Filter>
    </ClCompile>
    <ClCompile Include="Command.cpp">
      <Filter>Commands</Filter>
    </ClCompile>
    <ClCompile Include="CommandFactory.cpp">
      <Filter>Commands</Filter>
    </ClCompile>
    <ClCompile Include="AsciiDrawer.cpp">
      <Filter>Helpers</Filter>
    </ClCompile>
    <ClCompile Include="AssetPipeline.cpp">
      <Filter>Asset Management</Filter>
    </ClCompile>
    <ClCompile Include="ImageProcessor.cpp">
      <Filter>Asset Management</Filter>
    </ClCompile>
    <ClCompile Include="DataStream.cpp">
      <Filter>Containers</Filter>
    </ClCompile>
    <ClCompile Include="MeshProcessor.cpp">
      <Filter>Asset Management</Filter>
    </ClCompile>
    <ClCompile Include="Table.cpp">
      <Filter>Containers</Filter>
    </ClCompile>
    <ClCompile Include="EngineCoreManager.cpp">
      <Filter>Managers</Filter>
    </ClCompile>
    <ClCompile Include="GameBuilder.cpp">
      <Filter>GameRuntimeTest</Filter>
    </ClCompile>
    <ClCompile Include="GameRuntimeTestManager.cpp">
      <Filter>GameRuntimeTest</Filter>
    </ClCompile>
    <ClCompile Include="GameDebugger.cpp">
      <Filter>GameRuntimeTest</Filter>
    </ClCompile>
    <ClCompile Include="UserScriptProcessor.cpp">
      <Filter>Asset Management</Filter>
    </ClCompile>
  </ItemGroup>
  <ItemGroup>
    <ClInclude Include="HashTable.h">
      <Filter>Containers</Filter>
    </ClInclude>
    <ClInclude Include="StringId.h">
      <Filter>Helpers</Filter>
    </ClInclude>
    <ClInclude Include="ConfigReader.h">
      <Filter>Helpers</Filter>
    </ClInclude>
    <ClInclude Include="ConfigManager.h">
      <Filter>Managers</Filter>
    </ClInclude>
    <ClInclude Include="FileManager.h">
      <Filter>Managers</Filter>
    </ClInclude>
    <ClInclude Include="ConsoleManager.h">
      <Filter>Managers</Filter>
    </ClInclude>
    <ClInclude Include="Command.h">
      <Filter>Commands</Filter>
    </ClInclude>
    <ClInclude Include="CommandFactory.h">
      <Filter>Commands</Filter>
    </ClInclude>
    <ClInclude Include="AsciiDrawer.h">
      <Filter>Helpers</Filter>
    </ClInclude>
    <ClInclude Include="AssetPipeline.h">
      <Filter>Asset Management</Filter>
    </ClInclude>
    <ClInclude Include="ImageProcessor.h">
      <Filter>Asset Management</Filter>
    </ClInclude>
    <ClInclude Include="DataStream.h">
      <Filter>Containers</Filter>
    </ClInclude>
    <ClInclude Include="DdsHeader.h">
      <Filter>Asset Management</Filter>
    </ClInclude>
    <ClInclude Include="MeshProcessor.h">
      <Filter>Asset Management</Filter>
    </ClInclude>
    <ClInclude Include="Table.h">
      <Filter>Containers</Filter>
    </ClInclude>
    <ClInclude Include="EngineCoreManager.h">
      <Filter>Managers</Filter>
    </ClInclude>
    <ClInclude Include="GameBuilder.h">
      <Filter>GameRuntimeTest</Filter>
    </ClInclude>
    <ClInclude Include="GameRuntimeTestManager.h">
      <Filter>GameRuntimeTest</Filter>
    </ClInclude>
    <ClInclude Include="GameDebugger.h">
      <Filter>GameRuntimeTest</Filter>
    </ClInclude>
    <ClInclude Include="UserScriptProcessor.h">
      <Filter>Asset Management</Filter>
    </ClInclude>
  </ItemGroup>
</Project>